
Microsoft Visual Studio Solution File, Format Version 12.00
# Visual Studio 15
VisualStudioVersion = 15.0.26430.16
MinimumVisualStudioVersion = 10.0.40219.1
Project("{FAE04EC0-301F-11D3-BF4B-00C04F79EFBC}") = "CV", "CV\CV.csproj", "{7246CFFD-85DC-46FD-BF42-FF739C677425}"
EndProject
Project("{FAE04EC0-301F-11D3-BF4B-00C04F79EFBC}") = "UI", "UI\UI.csproj", "{A0A50D76-8D68-4B07-BD9B-80A94C0D4B0B}"
EndProject
Project("{FAE04EC0-301F-11D3-BF4B-00C04F79EFBC}") = "Data", "Data\Data.csproj", "{C3BD6A12-5588-41C7-8F01-479EAF4BA357}"
EndProject
Project("{FAE04EC0-301F-11D3-BF4B-00C04F79EFBC}") = "Dev", "Dev\Dev.csproj", "{474F3E52-9C7E-4223-BA5D-D3EBE2FEA85A}"
EndProject
Project("{FAE04EC0-301F-11D3-BF4B-00C04F79EFBC}") = "Services", "Services\Services.csproj", "{0D8E3B37-2681-48B4-94CA-A0450FC673BB}"
EndProject
Global
	GlobalSection(SolutionConfigurationPlatforms) = preSolution
		Debug|Any CPU = Debug|Any CPU
		Release|Any CPU = Release|Any CPU
	EndGlobalSection
	GlobalSection(ProjectConfigurationPlatforms) = postSolution
		{7246CFFD-85DC-46FD-BF42-FF739C677425}.Debug|Any CPU.ActiveCfg = Debug|Any CPU
		{7246CFFD-85DC-46FD-BF42-FF739C677425}.Debug|Any CPU.Build.0 = Debug|Any CPU
		{7246CFFD-85DC-46FD-BF42-FF739C677425}.Release|Any CPU.ActiveCfg = Release|Any CPU
		{7246CFFD-85DC-46FD-BF42-FF739C677425}.Release|Any CPU.Build.0 = Release|Any CPU
		{A0A50D76-8D68-4B07-BD9B-80A94C0D4B0B}.Debug|Any CPU.ActiveCfg = Debug|Any CPU
		{A0A50D76-8D68-4B07-BD9B-80A94C0D4B0B}.Debug|Any CPU.Build.0 = Debug|Any CPU
		{A0A50D76-8D68-4B07-BD9B-80A94C0D4B0B}.Release|Any CPU.ActiveCfg = Release|Any CPU
		{A0A50D76-8D68-4B07-BD9B-80A94C0D4B0B}.Release|Any CPU.Build.0 = Release|Any CPU
		{C3BD6A12-5588-41C7-8F01-479EAF4BA357}.Debug|Any CPU.ActiveCfg = Debug|Any CPU
		{C3BD6A12-5588-41C7-8F01-479EAF4BA357}.Debug|Any CPU.Build.0 = Debug|Any CPU
		{C3BD6A12-5588-41C7-8F01-479EAF4BA357}.Release|Any CPU.ActiveCfg = Release|Any CPU
		{C3BD6A12-5588-41C7-8F01-479EAF4BA357}.Release|Any CPU.Build.0 = Release|Any CPU
		{474F3E52-9C7E-4223-BA5D-D3EBE2FEA85A}.Debug|Any CPU.ActiveCfg = Debug|Any CPU
		{474F3E52-9C7E-4223-BA5D-D3EBE2FEA85A}.Debug|Any CPU.Build.0 = Debug|Any CPU
		{474F3E52-9C7E-4223-BA5D-D3EBE2FEA85A}.Release|Any CPU.ActiveCfg = Release|Any CPU
		{474F3E52-9C7E-4223-BA5D-D3EBE2FEA85A}.Release|Any CPU.Build.0 = Release|Any CPU
		{0D8E3B37-2681-48B4-94CA-A0450FC673BB}.Debug|Any CPU.ActiveCfg = Debug|Any CPU
		{0D8E3B37-2681-48B4-94CA-A0450FC673BB}.Debug|Any CPU.Build.0 = Debug|Any CPU
		{0D8E3B37-2681-48B4-94CA-A0450FC673BB}.Release|Any CPU.ActiveCfg = Release|Any CPU
		{0D8E3B37-2681-48B4-94CA-A0450FC673BB}.Release|Any CPU.Build.0 = Release|Any CPU
	EndGlobalSection
	GlobalSection(SolutionProperties) = preSolution
		HideSolutionNode = FALSE
	EndGlobalSection
	GlobalSection(ExtensibilityGlobals) = postSolution
		SolutionGuid = {A422404A-88D9-4523-8508-078AEEE95EA2}
	EndGlobalSection
EndGlobal
